{
  "name": "watch-traverse",
  "version": "1.0.0",
  "lockfileVersion": 2,
  "requires": true,
  "packages": {
    "": {
      "version": "1.0.0",
      "license": "MIT",
      "dependencies": {
        "acorn": "^8.4.1",
        "acorn-walk": "^8.1.1"
      }
    },
    "node_modules/acorn": {
      "version": "8.4.1",
      "resolved": "https://registry.npmjs.org/acorn/-/acorn-8.4.1.tgz",
      "integrity": "sha512-asabaBSkEKosYKMITunzX177CXxQ4Q8BSSzMTKD+FefUhipQC70gfW5SiUDhYQ3vk8G+81HqQk7Fv9OXwwn9KA==",
      "bin": {
        "acorn": "bin/acorn"
      },
      "engines": {
        "node": ">=0.4.0"
      }
    },
    "node_modules/acorn-walk": {
      "version": "8.1.1",
      "resolved": "https://registry.npmjs.org/acorn-walk/-/acorn-walk-8.1.1.tgz",
      "integrity": "sha512-FbJdceMlPHEAWJOILDk1fXD8lnTlEIWFkqtfk+MvmL5q/qlHfN7GEHcsFZWt/Tea9jRNPWUZG4G976nqAAmU9w==",
      "engines": {
        "node": ">=0.4.0"
      }
    }
  },
  "dependencies": {
    "acorn": {
      "version": "8.4.1",
      "resolved": "https://registry.npmjs.org/acorn/-/acorn-8.4.1.tgz",
      "integrity": "sha512-asabaBSkEKosYKMITunzX177CXxQ4Q8BSSzMTKD+FefUhipQC70gfW5SiUDhYQ3vk8G+81HqQk7Fv9OXwwn9KA=="
    },
    "acorn-walk": {
      "version": "8.1.1",
      "resolved": "https://registry.npmjs.org/acorn-walk/-/acorn-walk-8.1.1.tgz",
      "integrity": "sha512-FbJdceMlPHEAWJOILDk1fXD8lnTlEIWFkqtfk+MvmL5q/qlHfN7GEHcsFZWt/Tea9jRNPWUZG4G976nqAAmU9w=="
    }
  }
}
