{
  "name": "watch-traverse",
  "version": "1.0.0",
  "lockfileVersion": 2,
  "requires": true,
  "packages": {
    "": {
      "version": "1.0.0",
      "license": "MIT",
      "dependencies": {
        "acorn": "^8.4.1",
        "acorn-walk": "^8.1.1",
        "node-resolve": "^1.3.4"
      }
    },
    "node_modules/acorn": {
      "version": "8.4.1",
      "resolved": "https://registry.npmjs.org/acorn/-/acorn-8.4.1.tgz",
      "integrity": "sha512-asabaBSkEKosYKMITunzX177CXxQ4Q8BSSzMTKD+FefUhipQC70gfW5SiUDhYQ3vk8G+81HqQk7Fv9OXwwn9KA==",
      "bin": {
        "acorn": "bin/acorn"
      },
      "engines": {
        "node": ">=0.4.0"
      }
    },
    "node_modules/acorn-walk": {
      "version": "8.1.1",
      "resolved": "https://registry.npmjs.org/acorn-walk/-/acorn-walk-8.1.1.tgz",
      "integrity": "sha512-FbJdceMlPHEAWJOILDk1fXD8lnTlEIWFkqtfk+MvmL5q/qlHfN7GEHcsFZWt/Tea9jRNPWUZG4G976nqAAmU9w==",
      "engines": {
        "node": ">=0.4.0"
      }
    },
    "node_modules/builtin-modules": {
      "version": "3.2.0",
      "resolved": "https://registry.npmjs.org/builtin-modules/-/builtin-modules-3.2.0.tgz",
      "integrity": "sha512-lGzLKcioL90C7wMczpkY0n/oART3MbBa8R9OFGE1rJxoVI86u4WAGfEk8Wjv10eKSyTHVGkSo3bvBylCEtk7LA==",
      "engines": {
        "node": ">=6"
      },
      "funding": {
        "url": "https://github.com/sponsors/sindresorhus"
      }
    },
    "node_modules/is-builtin-module": {
      "version": "3.1.0",
      "resolved": "https://registry.npmjs.org/is-builtin-module/-/is-builtin-module-3.1.0.tgz",
      "integrity": "sha512-OV7JjAgOTfAFJmHZLvpSTb4qi0nIILDV1gWPYDnDJUTNFM5aGlRAhk4QcT8i7TuAleeEV5Fdkqn3t4mS+Q11fg==",
      "dependencies": {
        "builtin-modules": "^3.0.0"
      },
      "engines": {
        "node": ">=6"
      }
    },
    "node_modules/lodash": {
      "version": "4.17.21",
      "resolved": "https://registry.npmjs.org/lodash/-/lodash-4.17.21.tgz",
      "integrity": "sha512-v2kDEe57lecTulaDIuNTPy3Ry4gLGJ6Z1O3vE1krgXZNrsQ+LFTGHVxVjcXPs17LhbZVGedAJv8XZ1tvj5FvSg=="
    },
    "node_modules/node-resolve": {
      "version": "1.3.4",
      "resolved": "https://registry.npmjs.org/node-resolve/-/node-resolve-1.3.4.tgz",
      "integrity": "sha512-yQ8Qn3GGR4cyunvggEHg7fb37V/6atft1K/xU6b2OEfJDbi8zbRSNIKxClzJszAV6tjtYyZt1vHlBgdORMcPXg==",
      "dependencies": {
        "is-builtin-module": "^3.0.0",
        "lodash": "^4.13.1"
      },
      "engines": {
        "node": ">=0.10.0"
      }
    }
  },
  "dependencies": {
    "acorn": {
      "version": "8.4.1",
      "resolved": "https://registry.npmjs.org/acorn/-/acorn-8.4.1.tgz",
      "integrity": "sha512-asabaBSkEKosYKMITunzX177CXxQ4Q8BSSzMTKD+FefUhipQC70gfW5SiUDhYQ3vk8G+81HqQk7Fv9OXwwn9KA=="
    },
    "acorn-walk": {
      "version": "8.1.1",
      "resolved": "https://registry.npmjs.org/acorn-walk/-/acorn-walk-8.1.1.tgz",
      "integrity": "sha512-FbJdceMlPHEAWJOILDk1fXD8lnTlEIWFkqtfk+MvmL5q/qlHfN7GEHcsFZWt/Tea9jRNPWUZG4G976nqAAmU9w=="
    },
    "builtin-modules": {
      "version": "3.2.0",
      "resolved": "https://registry.npmjs.org/builtin-modules/-/builtin-modules-3.2.0.tgz",
      "integrity": "sha512-lGzLKcioL90C7wMczpkY0n/oART3MbBa8R9OFGE1rJxoVI86u4WAGfEk8Wjv10eKSyTHVGkSo3bvBylCEtk7LA=="
    },
    "is-builtin-module": {
      "version": "3.1.0",
      "resolved": "https://registry.npmjs.org/is-builtin-module/-/is-builtin-module-3.1.0.tgz",
      "integrity": "sha512-OV7JjAgOTfAFJmHZLvpSTb4qi0nIILDV1gWPYDnDJUTNFM5aGlRAhk4QcT8i7TuAleeEV5Fdkqn3t4mS+Q11fg==",
      "requires": {
        "builtin-modules": "^3.0.0"
      }
    },
    "lodash": {
      "version": "4.17.21",
      "resolved": "https://registry.npmjs.org/lodash/-/lodash-4.17.21.tgz",
      "integrity": "sha512-v2kDEe57lecTulaDIuNTPy3Ry4gLGJ6Z1O3vE1krgXZNrsQ+LFTGHVxVjcXPs17LhbZVGedAJv8XZ1tvj5FvSg=="
    },
    "node-resolve": {
      "version": "1.3.4",
      "resolved": "https://registry.npmjs.org/node-resolve/-/node-resolve-1.3.4.tgz",
      "integrity": "sha512-yQ8Qn3GGR4cyunvggEHg7fb37V/6atft1K/xU6b2OEfJDbi8zbRSNIKxClzJszAV6tjtYyZt1vHlBgdORMcPXg==",
      "requires": {
        "is-builtin-module": "^3.0.0",
        "lodash": "^4.13.1"
      }
    }
  }
}
